// !$*UTF8*$!
{
	archiveVersion = 1;
	classes = {
	};
	objectVersion = 46;
	objects = {

/* Begin PBXBuildFile section */
		D908CD8F1E4FB627003208FE /* AppDelegate.swift in Sources */ = {isa = PBXBuildFile; fileRef = D908CD8E1E4FB627003208FE /* AppDelegate.swift */; };
		D908CD911E4FB627003208FE /* ViewController.swift in Sources */ = {isa = PBXBuildFile; fileRef = D908CD901E4FB627003208FE /* ViewController.swift */; };
		D908CD941E4FB627003208FE /* Main.storyboard in Resources */ = {isa = PBXBuildFile; fileRef = D908CD921E4FB627003208FE /* Main.storyboard */; };
		D908CD961E4FB627003208FE /* Assets.xcassets in Resources */ = {isa = PBXBuildFile; fileRef = D908CD951E4FB627003208FE /* Assets.xcassets */; };
		D908CD991E4FB627003208FE /* LaunchScreen.storyboard in Resources */ = {isa = PBXBuildFile; fileRef = D908CD971E4FB627003208FE /* LaunchScreen.storyboard */; };
/* End PBXBuildFile section */

/* Begin PBXFileReference section */
		D908CD8B1E4FB627003208FE /* NSTimers.app */ = {isa = PBXFileReference; explicitFileType = wrapper.application; includeInIndex = 0; path = NSTimers.app; sourceTree = BUILT_PRODUCTS_DIR; };
		D908CD8E1E4FB627003208FE /* AppDelegate.swift */ = {isa = PBXFileReference; lastKnownFileType = sourcecode.swift; path = AppDelegate.swift; sourceTree = "<group>"; };
		D908CD901E4FB627003208FE /* ViewController.swift */ = {isa = PBXFileReference; lastKnownFileType = sourcecode.swift; path = ViewController.swift; sourceTree = "<group>"; };
		D908CD931E4FB627003208FE /* Base */ = {isa = PBXFileReference; lastKnownFileType = file.storyboard; name = Base; path = Base.lproj/Main.storyboard; sourceTree = "<group>"; };
		D908CD951E4FB627003208FE /* Assets.xcassets */ = {isa = PBXFileReference; lastKnownFileType = folder.assetcatalog; path = Assets.xcassets; sourceTree = "<group>"; };
		D908CD981E4FB627003208FE /* Base */ = {isa = PBXFileReference; lastKnownFileType = file.storyboard; name = Base; path = Base.lproj/LaunchScreen.storyboard; sourceTree = "<group>"; };
		D908CD9A1E4FB627003208FE /* Info.plist */ = {isa = PBXFileReference; lastKnownFileType = text.plist.xml; path = Info.plist; sourceTree = "<group>"; };
/* End PBXFileReference section */

/* Begin PBXFrameworksBuildPhase section */
		D908CD881E4FB627003208FE /* Frameworks */ = {
			isa = PBXFrameworksBuildPhase;
			buildActionMask = 2147483647;
			files = (
			);
			runOnlyForDeploymentPostprocessing = 0;
		};
/* End PBXFrameworksBuildPhase section */

/* Begin PBXGroup section */
		D908CD821E4FB627003208FE = {
			isa = PBXGroup;
			children = (
				D908CD8D1E4FB627003208FE /* NSTimers */,
				D908CD8C1E4FB627003208FE /* Products */,
			);
			sourceTree = "<group>";
		};
		D908CD8C1E4FB627003208FE /* Products */ = {
			isa = PBXGroup;
			children = (
				D908CD8B1E4FB627003208FE /* NSTimers.app */,
			);
			name = Products;
			sourceTree = "<group>";
		};
		D908CD8D1E4FB627003208FE /* NSTimers */ = {
			isa = PBXGroup;
			children = (
				D908CD8E1E4FB627003208FE /* AppDelegate.swift */,
				D908CD901E4FB627003208FE /* ViewController.swift */,
				D908CD921E4FB627003208FE /* Main.storyboard */,
				D908CD951E4FB627003208FE /* Assets.xcassets */,
				D908CD971E4FB627003208FE /* LaunchScreen.storyboard */,
				D908CD9A1E4FB627003208FE /* Info.plist */,
			);
			path = NSTimers;
			sourceTree = "<group>";
		};
/* End PBXGroup section */

/* Begin PBXNativeTarget section */
		D908CD8A1E4FB627003208FE /* NSTimers */ = {
			isa = PBXNativeTarget;
			buildConfigurationList = D908CD9D1E4FB627003208FE /* Build configuration list for PBXNativeTarget "NSTimers" */;
			buildPhases = (
				D908CD871E4FB627003208FE /* Sources */,
				D908CD881E4FB627003208FE /* Frameworks */,
				D908CD891E4FB627003208FE /* Resources */,
			);
			buildRules = (
			);
			dependencies = (
			);
			name = NSTimers;
			productName = NSTimers;
			productReference = D908CD8B1E4FB627003208FE /* NSTimers.app */;
			productType = "com.apple.product-type.application";
		};
/* End PBXNativeTarget section */

/* Begin PBXProject section */
		D908CD831E4FB627003208FE /* Project object */ = {
			isa = PBXProject;
			attributes = {
				LastSwiftUpdateCheck = 0820;
				LastUpgradeCheck = 0820;
				ORGANIZATIONNAME = "Cory Franks";
				TargetAttributes = {
					D908CD8A1E4FB627003208FE = {
						CreatedOnToolsVersion = 8.2.1;
						ProvisioningStyle = Automatic;
					};
				};
			};
			buildConfigurationList = D908CD861E4FB627003208FE /* Build configuration list for PBXProject "NSTimers" */;
			compatibilityVersion = "Xcode 3.2";
			developmentRegion = English;
			hasScannedForEncodings = 0;
			knownRegions = (
				en,
				Base,
			);
			mainGroup = D908CD821E4FB627003208FE;
			productRefGroup = D908CD8C1E4FB627003208FE /* Products */;
			projectDirPath = "";
			projectRoot = "";
			targets = (
				D908CD8A1E4FB627003208FE /* NSTimers */,
			);
		};
/* End PBXProject section */

/* Begin PBXResourcesBuildPhase section */
		D908CD891E4FB627003208FE /* Resources */ = {
			isa = PBXResourcesBuildPhase;
			buildActionMask = 2147483647;
			files = (
				D908CD991E4FB627003208FE /* LaunchScreen.storyboard in Resources */,
				D908CD961E4FB627003208FE /* Assets.xcassets in Resources */,
				D908CD941E4FB627003208FE /* Main.storyboard in Resources */,
			);
			runOnlyForDeploymentPostprocessing = 0;
		};
/* End PBXResourcesBuildPhase section */

/* Begin PBXSourcesBuildPhase section */
		D908CD871E4FB627003208FE /* Sources */ = {
			isa = PBXSourcesBuildPhase;
			buildActionMask = 2147483647;
			files = (
				D908CD911E4FB627003208FE /* ViewController.swift in Sources */,
				D908CD8F1E4FB627003208FE /* AppDelegate.swift in Sources */,
			);
			runOnlyForDeploymentPostprocessing = 0;
		};
/* End PBXSourcesBuildPhase section */

/* Begin PBXVariantGroup section */
		D908CD921E4FB627003208FE /* Main.storyboard */ = {
			isa = PBXVariantGroup;
			children = (
				D908CD931E4FB627003208FE /* Base */,
			);
			name = Main.storyboard;
			sourceTree = "<group>";
		};
		D908CD971E4FB627003208FE /* LaunchScreen.storyboard */ = {
			isa = PBXVariantGroup;
			children = (
				D908CD981E4FB627003208FE /* Base */,
			);
			name = LaunchScreen.storyboard;
			sourceTree = "<group>";
		};
/* End PBXVariantGroup section */

/* Begin XCBuildConfiguration section */
		D908CD9B1E4FB627003208FE /* Debug */ = {
			isa = XCBuildConfiguration;
			buildSettings = {
				ALWAYS_SEARCH_USER_PATHS = NO;
				CLANG_ANALYZER_NONNULL = YES;
				CLANG_CXX_LANGUAGE_STANDARD = "gnu++0x";
				CLANG_CXX_LIBRARY = "libc++";
				CLANG_ENABLE_MODULES = YES;
				CLANG_ENABLE_OBJC_ARC = YES;
				CLANG_WARN_BOOL_CONVERSION = YES;
				CLANG_WARN_CONSTANT_CONVERSION = YES;
				CLANG_WARN_DIRECT_OBJC_ISA_USAGE = YES_ERROR;
				CLANG_WARN_DOCUMENTATION_COMMENTS = YES;
				CLANG_WARN_EMPTY_BODY = YES;
				CLANG_WARN_ENUM_CONVERSION = YES;
				CLANG_WARN_INFINITE_RECURSION = YES;
				CLANG_WARN_INT_CONVERSION = YES;
				CLANG_WARN_OBJC_ROOT_CLASS = YES_ERROR;
				CLANG_WARN_SUSPICIOUS_MOVE = YES;
				CLANG_WARN_UNREACHABLE_CODE = YES;
				CLANG_WARN__DUPLICATE_METHOD_MATCH = YES;
				"CODE_SIGN_IDENTITY[sdk=iphoneos*]" = "iPhone Developer";
				COPY_PHASE_STRIP = NO;
				DEBUG_INFORMATION_FORMAT = dwarf;
				ENABLE_STRICT_OBJC_MSGSEND = YES;
				ENABLE_TESTABILITY = YES;
				GCC_C_LANGUAGE_STANDARD = gnu99;
				GCC_DYNAMIC_NO_PIC = NO;
				GCC_NO_COMMON_BLOCKS = YES;
				GCC_OPTIMIZATION_LEVEL = 0;
				GCC_PREPROCESSOR_DEFINITIONS = (
					"DEBUG=1",
					"$(inherited)",
				);
				GCC_WARN_64_TO_32_BIT_CONVERSION = YES;
				GCC_WARN_ABOUT_RETURN_TYPE = YES_ERROR;
				GCC_WARN_UNDECLARED_SELECTOR = YES;
				GCC_WARN_UNINITIALIZED_AUTOS = YES_AGGRESSIVE;
				GCC_WARN_UNUSED_FUNCTION = YES;
				GCC_WARN_UNUSED_VARIABLE = YES;
				IPHONEOS_DEPLOYMENT_TARGET = 10.2;
				MTL_ENABLE_DEBUG_INFO = YES;
				ONLY_ACTIVE_ARCH = YES;
				SDKROOT = iphoneos;
				SWIFT_ACTIVE_COMPILATION_CONDITIONS = DEBUG;
				SWIFT_OPTIMIZATION_LEVEL = "-Onone";
			};
			name = Debug;
		};
		D908CD9C1E4FB627003208FE /* Release */ = {
			isa = XCBuildConfiguration;
			buildSettings = {
				ALWAYS_SEARCH_USER_PATHS = NO;
				CLANG_ANALYZER_NONNULL = YES;
				CLANG_CXX_LANGUAGE_STANDARD = "gnu++0x";
				CLANG_CXX_LIBRARY = "libc++";
				CLANG_ENABLE_MODULES = YES;
				CLANG_ENABLE_OBJC_ARC = YES;
				CLANG_WARN_BOOL_CONVERSION = YES;
				CLANG_WARN_CONSTANT_CONVERSION = YES;
				CLANG_WARN_DIRECT_OBJC_ISA_USAGE = YES_ERROR;
				CLANG_WARN_DOCUMENTATION_COMMENTS = YES;
				CLANG_WARN_EMPTY_BODY = YES;
				CLANG_WARN_ENUM_CONVERSION = YES;
				CLANG_WARN_INFINITE_RECURSION = YES;
				CLANG_WARN_INT_CONVERSION = YES;
				CLANG_WARN_OBJC_ROOT_CLASS = YES_ERROR;
				CLANG_WARN_SUSPICIOUS_MOVE = YES;
				CLANG_WARN_UNREACHABLE_CODE = YES;
				CLANG_WARN__DUPLICATE_METHOD_MATCH = YES;
				"CODE_SIGN_IDENTITY[sdk=iphoneos*]" = "iPhone Developer";
				COPY_PHASE_STRIP = NO;
				DEBUG_INFORMATION_FORMAT = "dwarf-with-dsym";
				ENABLE_NS_ASSERTIONS = NO;
				ENABLE_STRICT_OBJC_MSGSEND = YES;
				GCC_C_LANGUAGE_STANDARD = gnu99;
				GCC_NO_COMMON_BLOCKS = YES;
				GCC_WARN_64_TO_32_BIT_CONVERSION = YES;
				GCC_WARN_ABOUT_RETURN_TYPE = YES_ERROR;
				GCC_WARN_UNDECLARED_SELECTOR = YES;
				GCC_WARN_UNINITIALIZED_AUTOS = YES_AGGRESSIVE;
				GCC_WARN_UNUSED_FUNCTION = YES;
				GCC_WARN_UNUSED_VARIABLE = YES;
				IPHONEOS_DEPLOYMENT_TARGET = 10.2;
				MTL_ENABLE_DEBUG_INFO = NO;
				SDKROOT = iphoneos;
				SWIFT_OPTIMIZATION_LEVEL = "-Owholemodule";
				VALIDATE_PRODUCT = YES;
			};
			name = Release;
		};
		D908CD9E1E4FB627003208FE /* Debug */ = {
			isa = XCBuildConfiguration;
			buildSettings = {
				ASSETCATALOG_COMPILER_APPICON_NAME = AppIcon;
				INFOPLIST_FILE = NSTimers/Info.plist;
				LD_RUNPATH_SEARCH_PATHS = "$(inherited) @executable_path/Frameworks";
				PRODUCT_BUNDLE_IDENTIFIER = "Cory-Franks.NSTimers";
				PRODUCT_NAME = "$(TARGET_NAME)";
				SWIFT_VERSION = 3.0;
			};
			name = Debug;
		};
		D908CD9F1E4FB627003208FE /* Release */ = {
			isa = XCBuildConfiguration;
			buildSettings = {
				ASSETCATALOG_COMPILER_APPICON_NAME = AppIcon;
				INFOPLIST_FILE = NSTimers/Info.plist;
				LD_RUNPATH_SEARCH_PATHS = "$(inherited) @executable_path/Frameworks";
				PRODUCT_BUNDLE_IDENTIFIER = "Cory-Franks.NSTimers";
				PRODUCT_NAME = "$(TARGET_NAME)";
				SWIFT_VERSION = 3.0;
			};
			name = Release;
		};
/* End XCBuildConfiguration section */

/* Begin XCConfigurationList section */
		D908CD861E4FB627003208FE /* Build configuration list for PBXProject "NSTimers" */ = {
			isa = XCConfigurationList;
			buildConfigurations = (
				D908CD9B1E4FB627003208FE /* Debug */,
				D908CD9C1E4FB627003208FE /* Release */,
			);
			defaultConfigurationIsVisible = 0;
			defaultConfigurationName = Release;
		};
		D908CD9D1E4FB627003208FE /* Build configuration list for PBXNativeTarget "NSTimers" */ = {
			isa = XCConfigurationList;
			buildConfigurations = (
				D908CD9E1E4FB627003208FE /* Debug */,
				D908CD9F1E4FB627003208FE /* Release */,
			);
			defaultConfigurationIsVisible = 0;
		};
/* End XCConfigurationList section */
	};
	rootObject = D908CD831E4FB627003208FE /* Project object */;
}
